
Microsoft Visual Studio Solution File, Format Version 12.00
# Visual Studio Version 17
VisualStudioVersion = 17.14.36119.2
MinimumVisualStudioVersion = 10.0.40219.1
Project("{FAE04EC0-301F-11D3-BF4B-00C04F79EFBC}") = "VisitorManagementSystem-Capstone", "VisitorManagementSystem-Capstone\VisitorManagementSystem-Capstone.csproj", "{F7C5D1E2-3D27-A4C1-5387-AD27052A5CF3}"
EndProject
Global
	GlobalSection(SolutionConfigurationPlatforms) = preSolution
		Debug|Any CPU = Debug|Any CPU
		Release|Any CPU = Release|Any CPU
	EndGlobalSection
	GlobalSection(ProjectConfigurationPlatforms) = postSolution
		{F7C5D1E2-3D27-A4C1-5387-AD27052A5CF3}.Debug|Any CPU.ActiveCfg = Debug|Any CPU
		{F7C5D1E2-3D27-A4C1-5387-AD27052A5CF3}.Debug|Any CPU.Build.0 = Debug|Any CPU
		{F7C5D1E2-3D27-A4C1-5387-AD27052A5CF3}.Release|Any CPU.ActiveCfg = Release|Any CPU
		{F7C5D1E2-3D27-A4C1-5387-AD27052A5CF3}.Release|Any CPU.Build.0 = Release|Any CPU
	EndGlobalSection
	GlobalSection(SolutionProperties) = preSolution
		HideSolutionNode = FALSE
	EndGlobalSection
	GlobalSection(ExtensibilityGlobals) = postSolution
		SolutionGuid = {56DC3FF5-A2D8-464D-AB60-C722507F66CE}
	EndGlobalSection
EndGlobal
